// !$*UTF8*$!
{
	archiveVersion = 1;
	classes = {
	};
	objectVersion = 46;
	objects = {

/* Begin PBXBuildFile section */
		EA53DA121D0CEF0D00BF196F /* main.cpp in Sources */ = {isa = PBXBuildFile; fileRef = EA53DA0F1D0CEF0D00BF196F /* main.cpp */; };
		EA53DA131D0CEF0D00BF196F /* RationalNumber.cpp in Sources */ = {isa = PBXBuildFile; fileRef = EA53DA101D0CEF0D00BF196F /* RationalNumber.cpp */; };
/* End PBXBuildFile section */

/* Begin PBXCopyFilesBuildPhase section */
		EA28DD851D050740006B736A /* CopyFiles */ = {
			isa = PBXCopyFilesBuildPhase;
			buildActionMask = 2147483647;
			dstPath = /usr/share/man/man1/;
			dstSubfolderSpec = 0;
			files = (
			);
			runOnlyForDeploymentPostprocessing = 1;
		};
/* End PBXCopyFilesBuildPhase section */

/* Begin PBXFileReference section */
		EA28DD871D050740006B736A /* schoolCmdLine */ = {isa = PBXFileReference; explicitFileType = "compiled.mach-o.executable"; includeInIndex = 0; path = schoolCmdLine; sourceTree = BUILT_PRODUCTS_DIR; };
		EA53DA0F1D0CEF0D00BF196F /* main.cpp */ = {isa = PBXFileReference; fileEncoding = 4; lastKnownFileType = sourcecode.cpp.cpp; name = main.cpp; path = ../csc215/RationalNumber/RationalNumber/main.cpp; sourceTree = "<group>"; };
		EA53DA101D0CEF0D00BF196F /* RationalNumber.cpp */ = {isa = PBXFileReference; fileEncoding = 4; lastKnownFileType = sourcecode.cpp.cpp; name = RationalNumber.cpp; path = ../csc215/RationalNumber/RationalNumber/RationalNumber.cpp; sourceTree = "<group>"; };
		EA53DA111D0CEF0D00BF196F /* RationalNumber.h */ = {isa = PBXFileReference; fileEncoding = 4; lastKnownFileType = sourcecode.c.h; name = RationalNumber.h; path = ../csc215/RationalNumber/RationalNumber/RationalNumber.h; sourceTree = "<group>"; };
/* End PBXFileReference section */

/* Begin PBXFrameworksBuildPhase section */
		EA28DD841D050740006B736A /* Frameworks */ = {
			isa = PBXFrameworksBuildPhase;
			buildActionMask = 2147483647;
			files = (
			);
			runOnlyForDeploymentPostprocessing = 0;
		};
/* End PBXFrameworksBuildPhase section */

/* Begin PBXGroup section */
		EA28DD791D0505F2006B736A = {
			isa = PBXGroup;
			children = (
				EA53DA0F1D0CEF0D00BF196F /* main.cpp */,
				EA53DA101D0CEF0D00BF196F /* RationalNumber.cpp */,
				EA53DA111D0CEF0D00BF196F /* RationalNumber.h */,
				EA28DD891D050740006B736A /* schoolCmdLine */,
				EA28DD881D050740006B736A /* Products */,
			);
			sourceTree = "<group>";
		};
		EA28DD881D050740006B736A /* Products */ = {
			isa = PBXGroup;
			children = (
				EA28DD871D050740006B736A /* schoolCmdLine */,
			);
			name = Products;
			sourceTree = "<group>";
		};
		EA28DD891D050740006B736A /* schoolCmdLine */ = {
			isa = PBXGroup;
			children = (
			);
			path = schoolCmdLine;
			sourceTree = "<group>";
		};
/* End PBXGroup section */

/* Begin PBXNativeTarget section */
		EA28DD861D050740006B736A /* schoolCmdLine */ = {
			isa = PBXNativeTarget;
			buildConfigurationList = EA28DD8C1D050740006B736A /* Build configuration list for PBXNativeTarget "schoolCmdLine" */;
			buildPhases = (
				EA28DD831D050740006B736A /* Sources */,
				EA28DD841D050740006B736A /* Frameworks */,
				EA28DD851D050740006B736A /* CopyFiles */,
			);
			buildRules = (
			);
			dependencies = (
			);
			name = schoolCmdLine;
			productName = schoolCmdLine;
			productReference = EA28DD871D050740006B736A /* schoolCmdLine */;
			productType = "com.apple.product-type.tool";
		};
/* End PBXNativeTarget section */

/* Begin PBXProject section */
		EA28DD7A1D0505F2006B736A /* Project object */ = {
			isa = PBXProject;
			attributes = {
				LastUpgradeCheck = 0720;
				TargetAttributes = {
					EA28DD861D050740006B736A = {
						CreatedOnToolsVersion = 7.2.1;
					};
				};
			};
			buildConfigurationList = EA28DD7D1D0505F2006B736A /* Build configuration list for PBXProject "schoolMac" */;
			compatibilityVersion = "Xcode 3.2";
			developmentRegion = English;
			hasScannedForEncodings = 0;
			knownRegions = (
				en,
			);
			mainGroup = EA28DD791D0505F2006B736A;
			productRefGroup = EA28DD881D050740006B736A /* Products */;
			projectDirPath = "";
			projectRoot = "";
			targets = (
				EA28DD861D050740006B736A /* schoolCmdLine */,
			);
		};
/* End PBXProject section */

/* Begin PBXSourcesBuildPhase section */
		EA28DD831D050740006B736A /* Sources */ = {
			isa = PBXSourcesBuildPhase;
			buildActionMask = 2147483647;
			files = (
				EA53DA131D0CEF0D00BF196F /* RationalNumber.cpp in Sources */,
				EA53DA121D0CEF0D00BF196F /* main.cpp in Sources */,
			);
			runOnlyForDeploymentPostprocessing = 0;
		};
/* End PBXSourcesBuildPhase section */

/* Begin XCBuildConfiguration section */
		EA28DD7E1D0505F2006B736A /* Debug */ = {
			isa = XCBuildConfiguration;
			buildSettings = {
			};
			name = Debug;
		};
		EA28DD7F1D0505F2006B736A /* Release */ = {
			isa = XCBuildConfiguration;
			buildSettings = {
			};
			name = Release;
		};
		EA28DD8D1D050740006B736A /* Debug */ = {
			isa = XCBuildConfiguration;
			buildSettings = {
				ALWAYS_SEARCH_USER_PATHS = NO;
				CLANG_CXX_LANGUAGE_STANDARD = "gnu++0x";
				CLANG_CXX_LIBRARY = "libc++";
				CLANG_ENABLE_MODULES = YES;
				CLANG_ENABLE_OBJC_ARC = YES;
				CLANG_WARN_BOOL_CONVERSION = YES;
				CLANG_WARN_CONSTANT_CONVERSION = YES;
				CLANG_WARN_DIRECT_OBJC_ISA_USAGE = YES_ERROR;
				CLANG_WARN_EMPTY_BODY = YES;
				CLANG_WARN_ENUM_CONVERSION = YES;
				CLANG_WARN_INT_CONVERSION = YES;
				CLANG_WARN_OBJC_ROOT_CLASS = YES_ERROR;
				CLANG_WARN_UNREACHABLE_CODE = YES;
				CLANG_WARN__DUPLICATE_METHOD_MATCH = YES;
				CODE_SIGN_IDENTITY = "-";
				COPY_PHASE_STRIP = NO;
				DEBUG_INFORMATION_FORMAT = dwarf;
				ENABLE_STRICT_OBJC_MSGSEND = YES;
				ENABLE_TESTABILITY = YES;
				GCC_C_LANGUAGE_STANDARD = gnu99;
				GCC_DYNAMIC_NO_PIC = NO;
				GCC_NO_COMMON_BLOCKS = YES;
				GCC_OPTIMIZATION_LEVEL = 0;
				GCC_PREPROCESSOR_DEFINITIONS = (
					"DEBUG=1",
					"$(inherited)",
				);
				GCC_WARN_64_TO_32_BIT_CONVERSION = YES;
				GCC_WARN_ABOUT_RETURN_TYPE = YES_ERROR;
				GCC_WARN_UNDECLARED_SELECTOR = YES;
				GCC_WARN_UNINITIALIZED_AUTOS = YES_AGGRESSIVE;
				GCC_WARN_UNUSED_FUNCTION = YES;
				GCC_WARN_UNUSED_VARIABLE = YES;
				MACOSX_DEPLOYMENT_TARGET = 10.11;
				MTL_ENABLE_DEBUG_INFO = YES;
				ONLY_ACTIVE_ARCH = YES;
				PRODUCT_NAME = "$(TARGET_NAME)";
				SDKROOT = macosx;
			};
			name = Debug;
		};
		EA28DD8E1D050740006B736A /* Release */ = {
			isa = XCBuildConfiguration;
			buildSettings = {
				ALWAYS_SEARCH_USER_PATHS = NO;
				CLANG_CXX_LANGUAGE_STANDARD = "gnu++0x";
				CLANG_CXX_LIBRARY = "libc++";
				CLANG_ENABLE_MODULES = YES;
				CLANG_ENABLE_OBJC_ARC = YES;
				CLANG_WARN_BOOL_CONVERSION = YES;
				CLANG_WARN_CONSTANT_CONVERSION = YES;
				CLANG_WARN_DIRECT_OBJC_ISA_USAGE = YES_ERROR;
				CLANG_WARN_EMPTY_BODY = YES;
				CLANG_WARN_ENUM_CONVERSION = YES;
				CLANG_WARN_INT_CONVERSION = YES;
				CLANG_WARN_OBJC_ROOT_CLASS = YES_ERROR;
				CLANG_WARN_UNREACHABLE_CODE = YES;
				CLANG_WARN__DUPLICATE_METHOD_MATCH = YES;
				CODE_SIGN_IDENTITY = "-";
				COPY_PHASE_STRIP = NO;
				DEBUG_INFORMATION_FORMAT = "dwarf-with-dsym";
				ENABLE_NS_ASSERTIONS = NO;
				ENABLE_STRICT_OBJC_MSGSEND = YES;
				GCC_C_LANGUAGE_STANDARD = gnu99;
				GCC_NO_COMMON_BLOCKS = YES;
				GCC_WARN_64_TO_32_BIT_CONVERSION = YES;
				GCC_WARN_ABOUT_RETURN_TYPE = YES_ERROR;
				GCC_WARN_UNDECLARED_SELECTOR = YES;
				GCC_WARN_UNINITIALIZED_AUTOS = YES_AGGRESSIVE;
				GCC_WARN_UNUSED_FUNCTION = YES;
				GCC_WARN_UNUSED_VARIABLE = YES;
				MACOSX_DEPLOYMENT_TARGET = 10.11;
				MTL_ENABLE_DEBUG_INFO = NO;
				PRODUCT_NAME = "$(TARGET_NAME)";
				SDKROOT = macosx;
			};
			name = Release;
		};
/* End XCBuildConfiguration section */

/* Begin XCConfigurationList section */
		EA28DD7D1D0505F2006B736A /* Build configuration list for PBXProject "schoolMac" */ = {
			isa = XCConfigurationList;
			buildConfigurations = (
				EA28DD7E1D0505F2006B736A /* Debug */,
				EA28DD7F1D0505F2006B736A /* Release */,
			);
			defaultConfigurationIsVisible = 0;
			defaultConfigurationName = Debug;
		};
		EA28DD8C1D050740006B736A /* Build configuration list for PBXNativeTarget "schoolCmdLine" */ = {
			isa = XCConfigurationList;
			buildConfigurations = (
				EA28DD8D1D050740006B736A /* Debug */,
				EA28DD8E1D050740006B736A /* Release */,
			);
			defaultConfigurationIsVisible = 0;
			defaultConfigurationName = Debug;
		};
/* End XCConfigurationList section */
	};
	rootObject = EA28DD7A1D0505F2006B736A /* Project object */;
}
